
Microsoft Visual Studio Solution File, Format Version 12.00
# Visual Studio Version 17
VisualStudioVersion = 17.8.34330.188
MinimumVisualStudioVersion = 10.0.40219.1
Project("{FAE04EC0-301F-11D3-BF4B-00C04F79EFBC}") = "weather", "weather.csproj", "{7A3F8012-4CD2-4D07-B5A0-878D99FA7163}"
EndProject
Global
	GlobalSection(SolutionConfigurationPlatforms) = preSolution
		Debug|Any CPU = Debug|Any CPU
		Release|Any CPU = Release|Any CPU
	EndGlobalSection
	GlobalSection(ProjectConfigurationPlatforms) = postSolution
		{7A3F8012-4CD2-4D07-B5A0-878D99FA7163}.Debug|Any CPU.ActiveCfg = Debug|Any CPU
		{7A3F8012-4CD2-4D07-B5A0-878D99FA7163}.Debug|Any CPU.Build.0 = Debug|Any CPU
		{7A3F8012-4CD2-4D07-B5A0-878D99FA7163}.Release|Any CPU.ActiveCfg = Release|Any CPU
		{7A3F8012-4CD2-4D07-B5A0-878D99FA7163}.Release|Any CPU.Build.0 = Release|Any CPU
	EndGlobalSection
	GlobalSection(SolutionProperties) = preSolution
		HideSolutionNode = FALSE
	EndGlobalSection
	GlobalSection(ExtensibilityGlobals) = postSolution
		SolutionGuid = {91DAA3E7-357C-46E0-BA55-9171A38C338D}
	EndGlobalSection
EndGlobal
